
Microsoft Visual Studio Solution File, Format Version 12.00
# Visual Studio Version 16
VisualStudioVersion = 16.0.29728.190
MinimumVisualStudioVersion = 10.0.40219.1
Project("{FAE04EC0-301F-11D3-BF4B-00C04F79EFBC}") = "port", "port.csproj", "{11F7DF67-5ED1-4021-8097-3785F4248482}"
EndProject
Global
	GlobalSection(SolutionConfigurationPlatforms) = preSolution
		Debug|Any CPU = Debug|Any CPU
		Release|Any CPU = Release|Any CPU
	EndGlobalSection
	GlobalSection(ProjectConfigurationPlatforms) = postSolution
		{11F7DF67-5ED1-4021-8097-3785F4248482}.Debug|Any CPU.ActiveCfg = Debug|Any CPU
		{11F7DF67-5ED1-4021-8097-3785F4248482}.Debug|Any CPU.Build.0 = Debug|Any CPU
		{11F7DF67-5ED1-4021-8097-3785F4248482}.Release|Any CPU.ActiveCfg = Release|Any CPU
		{11F7DF67-5ED1-4021-8097-3785F4248482}.Release|Any CPU.Build.0 = Release|Any CPU
	EndGlobalSection
	GlobalSection(SolutionProperties) = preSolution
		HideSolutionNode = FALSE
	EndGlobalSection
	GlobalSection(ExtensibilityGlobals) = postSolution
		SolutionGuid = {09F6C8FA-12E1-44B6-94B6-3E994A4A0895}
	EndGlobalSection
EndGlobal
